{
  "lockfileVersion": 1,
  "configVersion": 1,
  "workspaces": {
    "": {
      "name": "lumen-workspace",
    },
    "meta": {
      "name": "@lumen/meta",
      "version": "0.0.0",
      "dependencies": {
        "@vladpazych/dexter": "^0.1.13",
      },
      "devDependencies": {
        "@types/bun": "^1",
      },
    },
    "packages/lumen": {
      "name": "@vladpazych/lumen",
      "version": "0.0.1",
      "devDependencies": {
        "@types/bun": "^1",
      },
    },
  },
  "packages": {
    "@lumen/meta": ["@lumen/meta@workspace:meta"],

    "@types/bun": ["@types/bun@1.3.10", "", { "dependencies": { "bun-types": "1.3.10" } }, "sha512-0+rlrUrOrTSskibryHbvQkDOWRJwJZqZlxrUs1u4oOoTln8+WIXBPmAuCF35SWB2z4Zl3E84Nl/D0P7803nigQ=="],

    "@types/node": ["@types/node@25.3.5", "", { "dependencies": { "undici-types": "~7.18.0" } }, "sha512-oX8xrhvpiyRCQkG1MFchB09f+cXftgIXb3a7UUa4Y3wpmZPw5tyZGTLWhlESOLq1Rq6oDlc8npVU2/9xiCuXMA=="],

    "@vladpazych/dexter": ["@vladpazych/dexter@0.1.13", "", { "dependencies": { "zod": "^4.0.0" }, "bin": { "dexter": "bin/dexter" } }, "sha512-W1s9YTbgyYI6zj2Q1px+m7YHBUv8xVy/xjf6Up138T3nU0scE570ummisvDlJ4aCvbfLvo/j2YayuCCK/FGZxQ=="],

    "@vladpazych/lumen": ["@vladpazych/lumen@workspace:packages/lumen"],

    "bun-types": ["bun-types@1.3.10", "", { "dependencies": { "@types/node": "*" } }, "sha512-tcpfCCl6XWo6nCVnpcVrxQ+9AYN1iqMIzgrSKYMB/fjLtV2eyAVEg7AxQJuCq/26R6HpKWykQXuSOq/21RYcbg=="],

    "undici-types": ["undici-types@7.18.2", "", {}, "sha512-AsuCzffGHJybSaRrmr5eHr81mwJU3kjw6M+uprWvCXiNeN9SOGwQ3Jn8jb8m3Z6izVgknn1R0FTCEAP2QrLY/w=="],

    "zod": ["zod@4.3.6", "", {}, "sha512-rftlrkhHZOcjDwkGlnUtZZkvaPHCsDATp4pGpuOOMDaTdDDXF91wuVDJoWoPsKX/3YPQ5fHuF3STjcYyKr+Qhg=="],
  }
}
